
Microsoft Visual Studio Solution File, Format Version 12.00
# Visual Studio 15
VisualStudioVersion = 15.0.27004.2010
MinimumVisualStudioVersion = 10.0.40219.1
Project("{888888A0-9F3D-457C-B088-3A5042F75D52}") = "TweetsAnalazing", "TweetsAnalazing\TweetsAnalazing.pyproj", "{1AEB8B9C-A3BB-467B-80A6-A98A3CC77646}"
EndProject
Global
	GlobalSection(SolutionConfigurationPlatforms) = preSolution
		Debug|Any CPU = Debug|Any CPU
		Release|Any CPU = Release|Any CPU
	EndGlobalSection
	GlobalSection(ProjectConfigurationPlatforms) = postSolution
		{1AEB8B9C-A3BB-467B-80A6-A98A3CC77646}.Debug|Any CPU.ActiveCfg = Debug|Any CPU
		{1AEB8B9C-A3BB-467B-80A6-A98A3CC77646}.Release|Any CPU.ActiveCfg = Release|Any CPU
	EndGlobalSection
	GlobalSection(SolutionProperties) = preSolution
		HideSolutionNode = FALSE
	EndGlobalSection
	GlobalSection(ExtensibilityGlobals) = postSolution
		SolutionGuid = {CB2DF244-36D4-45C7-AB2E-72729DD4CF22}
	EndGlobalSection
EndGlobal
